PODS:
  - Realm (3.1.1):
    - Realm/Headers (= 3.1.1)
  - Realm/Headers (3.1.1)
  - RealmSwift (3.1.1):
    - Realm (= 3.1.1)
  - RxCocoa (4.1.2):
    - RxSwift (~> 4.0)
  - RxRealm (0.7.5):
    - RealmSwift (~> 3.0)
    - RxSwift (~> 4.0)
  - RxRealmDataSources (0.2.9):
    - RealmSwift (~> 3.0)
    - RxCocoa (~> 4.0)
    - RxRealm (~> 0.7.3)
    - RxSwift (~> 4.0)
  - RxSwift (4.1.2)

DEPENDENCIES:
  - RealmSwift (~> 3.0)
  - RxCocoa (~> 4.0)
  - RxRealm (~> 0.7.3)
  - RxRealmDataSources (from `../`)
  - RxSwift (~> 4.0)

EXTERNAL SOURCES:
  RxRealmDataSources:
    :path: ../

SPEC CHECKSUMS:
  Realm: 42d1c38a5b1bbcc828b48a7ce702cb86fc68adf4
  RealmSwift: d31937ca6a6ee54acde64ec839523c0a3c04924b
  RxCocoa: d88ba0f1f6abf040011a9eb4b539324fc426843a
  RxRealm: a6c6c0a07cb61f34209969ca6657734edfdfff30
  RxRealmDataSources: 6a2e3f3f13bbcc5f82a7f196b8afd76f81ee187b
  RxSwift: e49536837d9901277638493ea537394d4b55f570

PODFILE CHECKSUM: 175a2b93e28914dd5f43bc5b1f099b29747773d8

COCOAPODS: 1.4.0
